
Microsoft Visual Studio Solution File, Format Version 12.00
# Visual Studio Version 17
VisualStudioVersion = 17.5.002.0
MinimumVisualStudioVersion = 10.0.40219.1
Project("{9A19103F-16F7-4668-BE54-9A1E7A4F7556}") = "AsciiArt", "AsciiArt.csproj", "{ED589A66-EA80-444F-BED5-D52D0E4A93E5}"
EndProject
Global
	GlobalSection(SolutionConfigurationPlatforms) = preSolution
		Debug|Any CPU = Debug|Any CPU
		Release|Any CPU = Release|Any CPU
	EndGlobalSection
	GlobalSection(ProjectConfigurationPlatforms) = postSolution
		{ED589A66-EA80-444F-BED5-D52D0E4A93E5}.Debug|Any CPU.ActiveCfg = Debug|Any CPU
		{ED589A66-EA80-444F-BED5-D52D0E4A93E5}.Debug|Any CPU.Build.0 = Debug|Any CPU
		{ED589A66-EA80-444F-BED5-D52D0E4A93E5}.Release|Any CPU.ActiveCfg = Release|Any CPU
		{ED589A66-EA80-444F-BED5-D52D0E4A93E5}.Release|Any CPU.Build.0 = Release|Any CPU
	EndGlobalSection
	GlobalSection(SolutionProperties) = preSolution
		HideSolutionNode = FALSE
	EndGlobalSection
	GlobalSection(ExtensibilityGlobals) = postSolution
		SolutionGuid = {A1709D6A-8229-4CC4-9E71-6CC233C79FC0}
	EndGlobalSection
EndGlobal
